
Microsoft Visual Studio Solution File, Format Version 12.00
# Visual Studio Version 16
VisualStudioVersion = 16.0.32002.261
MinimumVisualStudioVersion = 10.0.40219.1
Project("{FAE04EC0-301F-11D3-BF4B-00C04F79EFBC}") = "MVCDemo.Font", "MVCDemo\MVCDemo.Font.csproj", "{6C0FBB94-22F8-4105-AB59-02E331EDD97B}"
EndProject
Global
	GlobalSection(SolutionConfigurationPlatforms) = preSolution
		Debug|Any CPU = Debug|Any CPU
		Release|Any CPU = Release|Any CPU
	EndGlobalSection
	GlobalSection(ProjectConfigurationPlatforms) = postSolution
		{6C0FBB94-22F8-4105-AB59-02E331EDD97B}.Debug|Any CPU.ActiveCfg = Debug|Any CPU
		{6C0FBB94-22F8-4105-AB59-02E331EDD97B}.Debug|Any CPU.Build.0 = Debug|Any CPU
		{6C0FBB94-22F8-4105-AB59-02E331EDD97B}.Release|Any CPU.ActiveCfg = Release|Any CPU
		{6C0FBB94-22F8-4105-AB59-02E331EDD97B}.Release|Any CPU.Build.0 = Release|Any CPU
	EndGlobalSection
	GlobalSection(SolutionProperties) = preSolution
		HideSolutionNode = FALSE
	EndGlobalSection
	GlobalSection(ExtensibilityGlobals) = postSolution
		SolutionGuid = {036FFAB1-13A5-4DBC-BCD1-C6683E42FE76}
	EndGlobalSection
EndGlobal
